
Microsoft Visual Studio Solution File, Format Version 12.00
# Visual Studio Version 16
VisualStudioVersion = 16.0.29306.81
MinimumVisualStudioVersion = 10.0.40219.1
Project("{FAE04EC0-301F-11D3-BF4B-00C04F79EFBC}") = "VideoGameStore", "VideoGameStore\VideoGameStore.csproj", "{A558E66E-08EA-4DD2-AB74-D7D2183C50BD}"
EndProject
Global
	GlobalSection(SolutionConfigurationPlatforms) = preSolution
		Debug|Any CPU = Debug|Any CPU
		Release|Any CPU = Release|Any CPU
	EndGlobalSection
	GlobalSection(ProjectConfigurationPlatforms) = postSolution
		{A558E66E-08EA-4DD2-AB74-D7D2183C50BD}.Debug|Any CPU.ActiveCfg = Debug|Any CPU
		{A558E66E-08EA-4DD2-AB74-D7D2183C50BD}.Debug|Any CPU.Build.0 = Debug|Any CPU
		{A558E66E-08EA-4DD2-AB74-D7D2183C50BD}.Release|Any CPU.ActiveCfg = Release|Any CPU
		{A558E66E-08EA-4DD2-AB74-D7D2183C50BD}.Release|Any CPU.Build.0 = Release|Any CPU
	EndGlobalSection
	GlobalSection(SolutionProperties) = preSolution
		HideSolutionNode = FALSE
	EndGlobalSection
	GlobalSection(ExtensibilityGlobals) = postSolution
		SolutionGuid = {0A349DAD-CFC7-44C1-9D27-817F5FBE8906}
	EndGlobalSection
EndGlobal
